
Microsoft Visual Studio Solution File, Format Version 12.00
# Visual Studio Version 16
VisualStudioVersion = 16.0.28803.916
MinimumVisualStudioVersion = 10.0.40219.1
Project("{FAE04EC0-301F-11D3-BF4B-00C04F79EFBC}") = "atividadec", "atividadec\atividadec.csproj", "{4A4B34C0-3B92-4DD1-90C6-666727A36B23}"
EndProject
Global
	GlobalSection(SolutionConfigurationPlatforms) = preSolution
		Debug|Any CPU = Debug|Any CPU
		Release|Any CPU = Release|Any CPU
	EndGlobalSection
	GlobalSection(ProjectConfigurationPlatforms) = postSolution
		{4A4B34C0-3B92-4DD1-90C6-666727A36B23}.Debug|Any CPU.ActiveCfg = Debug|Any CPU
		{4A4B34C0-3B92-4DD1-90C6-666727A36B23}.Debug|Any CPU.Build.0 = Debug|Any CPU
		{4A4B34C0-3B92-4DD1-90C6-666727A36B23}.Release|Any CPU.ActiveCfg = Release|Any CPU
		{4A4B34C0-3B92-4DD1-90C6-666727A36B23}.Release|Any CPU.Build.0 = Release|Any CPU
	EndGlobalSection
	GlobalSection(SolutionProperties) = preSolution
		HideSolutionNode = FALSE
	EndGlobalSection
	GlobalSection(ExtensibilityGlobals) = postSolution
		SolutionGuid = {A67C1F1A-A13E-4692-B903-90C32B634054}
	EndGlobalSection
EndGlobal
