
Microsoft Visual Studio Solution File, Format Version 12.00
# Visual Studio Version 16
VisualStudioVersion = 16.0.28803.916
MinimumVisualStudioVersion = 10.0.40219.1
Project("{FAE04EC0-301F-11D3-BF4B-00C04F79EFBC}") = "OiEuSouOGoku", "OiEuSouOGoku\OiEuSouOGoku.csproj", "{CC649FE9-094C-4133-9FB1-C486E79E4850}"
EndProject
Global
	GlobalSection(SolutionConfigurationPlatforms) = preSolution
		Debug|Any CPU = Debug|Any CPU
		Release|Any CPU = Release|Any CPU
	EndGlobalSection
	GlobalSection(ProjectConfigurationPlatforms) = postSolution
		{CC649FE9-094C-4133-9FB1-C486E79E4850}.Debug|Any CPU.ActiveCfg = Debug|Any CPU
		{CC649FE9-094C-4133-9FB1-C486E79E4850}.Debug|Any CPU.Build.0 = Debug|Any CPU
		{CC649FE9-094C-4133-9FB1-C486E79E4850}.Release|Any CPU.ActiveCfg = Release|Any CPU
		{CC649FE9-094C-4133-9FB1-C486E79E4850}.Release|Any CPU.Build.0 = Release|Any CPU
	EndGlobalSection
	GlobalSection(SolutionProperties) = preSolution
		HideSolutionNode = FALSE
	EndGlobalSection
	GlobalSection(ExtensibilityGlobals) = postSolution
		SolutionGuid = {3FA3E3B3-8504-47DF-84D3-26A8D31EE24D}
	EndGlobalSection
EndGlobal
