
Microsoft Visual Studio Solution File, Format Version 12.00
# Visual Studio Version 16
VisualStudioVersion = 16.0.28803.916
MinimumVisualStudioVersion = 10.0.40219.1
Project("{FAE04EC0-301F-11D3-BF4B-00C04F79EFBC}") = "questao5.1", "questao5.1\questao5.1.csproj", "{1A3C6DB6-AC2C-4E9B-AB33-0502DCF56ABE}"
EndProject
Global
	GlobalSection(SolutionConfigurationPlatforms) = preSolution
		Debug|Any CPU = Debug|Any CPU
		Release|Any CPU = Release|Any CPU
	EndGlobalSection
	GlobalSection(ProjectConfigurationPlatforms) = postSolution
		{1A3C6DB6-AC2C-4E9B-AB33-0502DCF56ABE}.Debug|Any CPU.ActiveCfg = Debug|Any CPU
		{1A3C6DB6-AC2C-4E9B-AB33-0502DCF56ABE}.Debug|Any CPU.Build.0 = Debug|Any CPU
		{1A3C6DB6-AC2C-4E9B-AB33-0502DCF56ABE}.Release|Any CPU.ActiveCfg = Release|Any CPU
		{1A3C6DB6-AC2C-4E9B-AB33-0502DCF56ABE}.Release|Any CPU.Build.0 = Release|Any CPU
	EndGlobalSection
	GlobalSection(SolutionProperties) = preSolution
		HideSolutionNode = FALSE
	EndGlobalSection
	GlobalSection(ExtensibilityGlobals) = postSolution
		SolutionGuid = {20B47DD0-456D-4B3F-8EB3-25377CF8F04C}
	EndGlobalSection
EndGlobal
