
Microsoft Visual Studio Solution File, Format Version 12.00
# Visual Studio Version 16
VisualStudioVersion = 16.0.28803.916
MinimumVisualStudioVersion = 10.0.40219.1
Project("{FAE04EC0-301F-11D3-BF4B-00C04F79EFBC}") = "apresentação7", "apresentação7\apresentação7.csproj", "{16B3981A-5A85-4452-BAC2-0206A6AB1CD1}"
EndProject
Global
	GlobalSection(SolutionConfigurationPlatforms) = preSolution
		Debug|Any CPU = Debug|Any CPU
		Release|Any CPU = Release|Any CPU
	EndGlobalSection
	GlobalSection(ProjectConfigurationPlatforms) = postSolution
		{16B3981A-5A85-4452-BAC2-0206A6AB1CD1}.Debug|Any CPU.ActiveCfg = Debug|Any CPU
		{16B3981A-5A85-4452-BAC2-0206A6AB1CD1}.Debug|Any CPU.Build.0 = Debug|Any CPU
		{16B3981A-5A85-4452-BAC2-0206A6AB1CD1}.Release|Any CPU.ActiveCfg = Release|Any CPU
		{16B3981A-5A85-4452-BAC2-0206A6AB1CD1}.Release|Any CPU.Build.0 = Release|Any CPU
	EndGlobalSection
	GlobalSection(SolutionProperties) = preSolution
		HideSolutionNode = FALSE
	EndGlobalSection
	GlobalSection(ExtensibilityGlobals) = postSolution
		SolutionGuid = {605C8CAE-ADDA-4F64-9898-6293EE4B204D}
	EndGlobalSection
EndGlobal
